# This file is generated by `zrail update`; do not edit by hand.
schema = 1
semantics = 2
producer = "0.0.2"
contract_sha256 = "a0e92977eb99cdc216acf0a04f8c97bf64ba9120d0e412c0c48e58e7633e9f96"
ratchet = []

[[package]]
name = "criticality"
dependency = []

[[gate]]
name = "architecture-review"
path = ".github/workflows/authority.yml"
sha256 = "a0ba666e4d641949a4b2062167f9c1b58d96d14c61ef1067c568cffdc70f0152"

[[gate.input]]
path = ".github/actions/setup-rust/action.yml"
sha256 = "6fa929d6c33d0cfe26394a7f531579bee260e41f7ee3f0a43d458cb21e5c1d30"

[[gate.input]]
path = ".github/actions/setup-zrail/action.yml"
sha256 = "278374ff43731777bc63b5d4945a6cafa620f8dc246761dff757d2a0905cf29d"

[[gate]]
name = "check"
path = "zcheck.toml"
sha256 = "e012a2b4a1e8654daaa235f001849e225ded6bcb228be632ceaaa07c8fb764ec"

[[gate.input]]
path = ".gitattributes"
sha256 = "a1d303b1a160bdde504c2e97c10d63609842652f340c618fc548b0d1181e529a"

[[gate.input]]
path = ".gitignore"
sha256 = "3a9b3edae61aeebcff5a2196c932facd67317f4127d272403c334386b134e6f9"

[[gate.input]]
path = "Cargo.lock"
sha256 = "a4efd574bbf10eeec0ca2855b91a6dbb79aebd6ee7e1d57282ccad6bac7438c9"

[[gate.input]]
path = "Cargo.toml"
sha256 = "19d1c47296cb00d841dc7f9f50fb084b76e68e8e42788ff78077e201817fe1ac"

[[gate.input]]
path = "README.md"
sha256 = "60aafe6b685ac07d5cb25e290e5dc4ff05aa314bfde9b33cb2a6d287a8b32712"

[[gate.input]]
path = "clippy.toml"
sha256 = "d11998a49687dcc509cdd3c37063f74dc29d006ac05adc0b1e9a20d0a2f4904b"

[[gate.input]]
path = "criticality-logo.svg"
sha256 = "46f905f446be914dbafcba06c8f8172464cab67d0ba3caaa0a0186635b5afa18"

[[gate.input]]
path = "rust-toolchain.toml"
sha256 = "1492287aa0b458ad3277d11eae2175fb662a33e7d7958ec99a057973f2bac1a2"

[[gate.input]]
path = "rustfmt.toml"
sha256 = "07c347dc7273b4ae0aa3e8451b99059ea8f6ad839e62adc33a273f23d152fa61"

[[gate.input]]
path = "scripts/structure-check"
sha256 = "620c4d4b93ba3dfc7f91c01f5aece68374ac7c8b8224c75f9b534399409d68fd"

[[gate.input]]
path = "src/lib.rs"
sha256 = "9a1b7fa6bbfda4300e8f52cda112fdf9fe62cc2fa371d8e6f47a14593672f667"

[[gate]]
name = "ci"
path = ".github/workflows/ci.yml"
sha256 = "0ade285d32261cdf86e2c11bfffdb10632ac8bf6818b5e3c6de0f580cacc6972"

[[gate.input]]
path = ".github/actions/setup-rust/action.yml"
sha256 = "6fa929d6c33d0cfe26394a7f531579bee260e41f7ee3f0a43d458cb21e5c1d30"

[[gate.input]]
path = ".github/actions/setup-zrail/action.yml"
sha256 = "278374ff43731777bc63b5d4945a6cafa620f8dc246761dff757d2a0905cf29d"
