# This file is generated by `zrail update`; do not edit by hand.
schema = 1
semantics = 2
producer = "0.0.2"
contract_sha256 = "de1d4d9370fa88c66e1a5ff238da5bbbacd064366fa986b816141153df2a788f"
ratchet = []

[[package]]
name = "criticality"
dependency = []

[[gate]]
name = "architecture-review"
path = ".github/workflows/authority.yml"
sha256 = "a0ba666e4d641949a4b2062167f9c1b58d96d14c61ef1067c568cffdc70f0152"

[[gate.input]]
path = ".github/actions/setup-rust/action.yml"
sha256 = "0fad709951e22e43479668b30546b647abc406a7f849e1a12488386b0b12fe92"

[[gate.input]]
path = ".github/actions/setup-zrail/action.yml"
sha256 = "278374ff43731777bc63b5d4945a6cafa620f8dc246761dff757d2a0905cf29d"

[[gate]]
name = "check"
path = "zcheck.toml"
sha256 = "6d9edc5fb5a3e4c026336a1fabf418133fb59ac4f3b1a4369578027a53bbf3b1"

[[gate.input]]
path = ".gitattributes"
sha256 = "a1d303b1a160bdde504c2e97c10d63609842652f340c618fc548b0d1181e529a"

[[gate.input]]
path = ".gitignore"
sha256 = "3a9b3edae61aeebcff5a2196c932facd67317f4127d272403c334386b134e6f9"

[[gate.input]]
path = "Cargo.lock"
sha256 = "a4efd574bbf10eeec0ca2855b91a6dbb79aebd6ee7e1d57282ccad6bac7438c9"

[[gate.input]]
path = "Cargo.toml"
sha256 = "29a7ddf637e19fbf9c4f566fa0b848d51c64ecbe104cc8454a4ea2014cb51433"

[[gate.input]]
path = "README.md"
sha256 = "6ef55442a23fc49d193d59265ffe239765e499657e71b371a01222117e0e910a"

[[gate.input]]
path = "clippy.toml"
sha256 = "d11998a49687dcc509cdd3c37063f74dc29d006ac05adc0b1e9a20d0a2f4904b"

[[gate.input]]
path = "criticality-logo.svg"
sha256 = "46f905f446be914dbafcba06c8f8172464cab67d0ba3caaa0a0186635b5afa18"

[[gate.input]]
path = "package-contents.txt"
sha256 = "6315c09ee0370844ac6b67209673568a769b0d571cbb1abbd5e7e3e1d2ead893"

[[gate.input]]
path = "rust-toolchain.toml"
sha256 = "47d4fb141da2fb5b820292381b4962b280d13ad0d68417f980d32119764e7a69"

[[gate.input]]
path = "rustfmt.toml"
sha256 = "07c347dc7273b4ae0aa3e8451b99059ea8f6ad839e62adc33a273f23d152fa61"

[[gate.input]]
path = "scripts/package-check"
sha256 = "af5673d423f3c5a994211e9dcc45d1817d80cf63df62212941ed32281860f9fa"

[[gate.input]]
path = "scripts/structure-check"
sha256 = "620c4d4b93ba3dfc7f91c01f5aece68374ac7c8b8224c75f9b534399409d68fd"

[[gate.input]]
path = "src/lib.rs"
sha256 = "9a1b7fa6bbfda4300e8f52cda112fdf9fe62cc2fa371d8e6f47a14593672f667"

[[gate]]
name = "ci"
path = ".github/workflows/ci.yml"
sha256 = "0ade285d32261cdf86e2c11bfffdb10632ac8bf6818b5e3c6de0f580cacc6972"

[[gate.input]]
path = ".github/actions/setup-rust/action.yml"
sha256 = "0fad709951e22e43479668b30546b647abc406a7f849e1a12488386b0b12fe92"

[[gate.input]]
path = ".github/actions/setup-zrail/action.yml"
sha256 = "278374ff43731777bc63b5d4945a6cafa620f8dc246761dff757d2a0905cf29d"
